// !$*UTF8*$!
{
	archiveVersion = 1;
	classes = {
	};
	objectVersion = 56;
	objects = {

/* Begin PBXBuildFile section */
		2C01013E2A0E644000A96D8A /* GoogleSignIn in Frameworks */ = {isa = PBXBuildFile; productRef = 2C01013D2A0E644000A96D8A /* GoogleSignIn */; };
		2C0101402A0E644000A96D8A /* GoogleSignInSwift in Frameworks */ = {isa = PBXBuildFile; productRef = 2C01013F2A0E644000A96D8A /* GoogleSignInSwift */; };
		2C0101472A0E6A0F00A96D8A /* GoogleSignIn.swift in Sources */ = {isa = PBXBuildFile; fileRef = 2C0101462A0E6A0F00A96D8A /* GoogleSignIn.swift */; };
		2C01014B2A0E6B4300A96D8A /* GoogleViewModel.swift in Sources */ = {isa = PBXBuildFile; fileRef = 2C01014A2A0E6B4300A96D8A /* GoogleViewModel.swift */; };
		2C0101542A0E780700A96D8A /* AuthUserModel.swift in Sources */ = {isa = PBXBuildFile; fileRef = 2C0101532A0E780700A96D8A /* AuthUserModel.swift */; };
		2C0101562A0E8C8300A96D8A /* GoogleHelper.swift in Sources */ = {isa = PBXBuildFile; fileRef = 2C0101552A0E8C8300A96D8A /* GoogleHelper.swift */; };
		2C1D165A2A12598900EBCDD5 /* SighInAppleHelper.swift in Sources */ = {isa = PBXBuildFile; fileRef = 2C1D16592A12598900EBCDD5 /* SighInAppleHelper.swift */; };
		2C2377012A22307B00389483 /* UserFavoriteModel.swift in Sources */ = {isa = PBXBuildFile; fileRef = 2C2377002A22307B00389483 /* UserFavoriteModel.swift */; };
		2C2AE16D2A0BCB9300D07F7F /* CustomButtonStyle.swift in Sources */ = {isa = PBXBuildFile; fileRef = 2C2AE16C2A0BCB9300D07F7F /* CustomButtonStyle.swift */; };
		2C2AE1712A0BD32300D07F7F /* RootView.swift in Sources */ = {isa = PBXBuildFile; fileRef = 2C2AE1702A0BD32300D07F7F /* RootView.swift */; };
		2C2AE1732A0BD50400D07F7F /* SignInUpView.swift in Sources */ = {isa = PBXBuildFile; fileRef = 2C2AE1722A0BD50400D07F7F /* SignInUpView.swift */; };
		2C377A932A20D69900207D41 /* FavoriteView.swift in Sources */ = {isa = PBXBuildFile; fileRef = 2C377A922A20D69900207D41 /* FavoriteView.swift */; };
		2C377A952A21013700207D41 /* ProductCellViewBuilder.swift in Sources */ = {isa = PBXBuildFile; fileRef = 2C377A942A21013700207D41 /* ProductCellViewBuilder.swift */; };
		2C6091EC2A165B5000EEF6F8 /* FirebaseFirestore in Frameworks */ = {isa = PBXBuildFile; productRef = 2C6091EB2A165B5000EEF6F8 /* FirebaseFirestore */; };
		2C6091EE2A165B6300EEF6F8 /* FirebaseFirestoreSwift in Frameworks */ = {isa = PBXBuildFile; productRef = 2C6091ED2A165B6300EEF6F8 /* FirebaseFirestoreSwift */; };
		2C6091F12A16611700EEF6F8 /* CoreRootView.swift in Sources */ = {isa = PBXBuildFile; fileRef = 2C6091F02A16611700EEF6F8 /* CoreRootView.swift */; };
		2C6091F42A1668B500EEF6F8 /* ProfileView.swift in Sources */ = {isa = PBXBuildFile; fileRef = 2C6091F32A1668B500EEF6F8 /* ProfileView.swift */; };
		2C6091F62A16748900EEF6F8 /* ProfileViewMode.swift in Sources */ = {isa = PBXBuildFile; fileRef = 2C6091F52A16748900EEF6F8 /* ProfileViewMode.swift */; };
		2C6091FA2A168C4F00EEF6F8 /* UserManager.swift in Sources */ = {isa = PBXBuildFile; fileRef = 2C6091F92A168C4F00EEF6F8 /* UserManager.swift */; };
		2C6091FD2A1696D400EEF6F8 /* DBUserModel.swift in Sources */ = {isa = PBXBuildFile; fileRef = 2C6091FC2A1696D400EEF6F8 /* DBUserModel.swift */; };
		2C76DE6D2A0FBE9700243D18 /* SignInView_Apple.swift in Sources */ = {isa = PBXBuildFile; fileRef = 2C76DE6C2A0FBE9700243D18 /* SignInView_Apple.swift */; };
		2C76DE6F2A0FC3CD00243D18 /* SignInViewModel_Apple.swift in Sources */ = {isa = PBXBuildFile; fileRef = 2C76DE6E2A0FC3CD00243D18 /* SignInViewModel_Apple.swift */; };
		2C76DE712A0FD66800243D18 /* Utiliti.swift in Sources */ = {isa = PBXBuildFile; fileRef = 2C76DE702A0FD66800243D18 /* Utiliti.swift */; };
		2C7C78752A13AF0800F8D11B /* SignInViewRoot.swift in Sources */ = {isa = PBXBuildFile; fileRef = 2C7C78742A13AF0800F8D11B /* SignInViewRoot.swift */; };
		2C7C78772A13AF9500F8D11B /* SignInViewModel_Anon.swift in Sources */ = {isa = PBXBuildFile; fileRef = 2C7C78762A13AF9500F8D11B /* SignInViewModel_Anon.swift */; };
		2C7C787B2A13B43F00F8D11B /* SignInView_Profile.swift in Sources */ = {isa = PBXBuildFile; fileRef = 2C7C787A2A13B43F00F8D11B /* SignInView_Profile.swift */; };
		2C7C787D2A13B93C00F8D11B /* SignInView_Anon.swift in Sources */ = {isa = PBXBuildFile; fileRef = 2C7C787C2A13B93C00F8D11B /* SignInView_Anon.swift */; };
		2C896BE02A289226007FDBD1 /* FirebaseCrashlytics in Frameworks */ = {isa = PBXBuildFile; productRef = 2C896BDF2A289226007FDBD1 /* FirebaseCrashlytics */; };
		2C896BE62A289490007FDBD1 /* CrashlyticsView.swift in Sources */ = {isa = PBXBuildFile; fileRef = 2C896BE52A289490007FDBD1 /* CrashlyticsView.swift */; };
		2C896BE82A289B8A007FDBD1 /* CrashManager.swift in Sources */ = {isa = PBXBuildFile; fileRef = 2C896BE72A289B8A007FDBD1 /* CrashManager.swift */; };
		2C896BEA2A28B40B007FDBD1 /* FirebasePerformance in Frameworks */ = {isa = PBXBuildFile; productRef = 2C896BE92A28B40B007FDBD1 /* FirebasePerformance */; };
		2C8B3C212A1E4852000A5503 /* ProductsView_2.swift in Sources */ = {isa = PBXBuildFile; fileRef = 2C8B3C202A1E4852000A5503 /* ProductsView_2.swift */; };
		2CD6FDF92C4A5C21007C6298 /* Start_init.swift in Sources */ = {isa = PBXBuildFile; fileRef = 2CD6FDF72C4A5C20007C6298 /* Start_init.swift */; };
		2CD6FDFA2C4A5C21007C6298 /* FirebaseRuls.swift in Sources */ = {isa = PBXBuildFile; fileRef = 2CD6FDF82C4A5C21007C6298 /* FirebaseRuls.swift */; };
		2CD9B37D2A1B8E8B00B1394A /* ProductModel.swift in Sources */ = {isa = PBXBuildFile; fileRef = 2CD9B37C2A1B8E8A00B1394A /* ProductModel.swift */; };
		2CD9B3802A1B8F1400B1394A /* ProductsView.swift in Sources */ = {isa = PBXBuildFile; fileRef = 2CD9B37F2A1B8F1400B1394A /* ProductsView.swift */; };
		2CD9B3822A1B962D00B1394A /* ProductsManager.swift in Sources */ = {isa = PBXBuildFile; fileRef = 2CD9B3812A1B962D00B1394A /* ProductsManager.swift */; };
		2CD9B3842A1BA9EA00B1394A /* ProductsViewModel.swift in Sources */ = {isa = PBXBuildFile; fileRef = 2CD9B3832A1BA9EA00B1394A /* ProductsViewModel.swift */; };
		2CD9B3862A1BAAD000B1394A /* ProductCell.swift in Sources */ = {isa = PBXBuildFile; fileRef = 2CD9B3852A1BAAD000B1394A /* ProductCell.swift */; };
		2CE307CF2A0A88B400FB303C /* FirebaseAuth in Frameworks */ = {isa = PBXBuildFile; productRef = 2CE307CE2A0A88B400FB303C /* FirebaseAuth */; };
		2CE307D22A0A8C1100FB303C /* TextFieldStyle.swift in Sources */ = {isa = PBXBuildFile; fileRef = 2CE307D12A0A8C1100FB303C /* TextFieldStyle.swift */; };
		2CE307D92A0A95A500FB303C /* SignInEmailViewModel.swift in Sources */ = {isa = PBXBuildFile; fileRef = 2CE307D82A0A95A500FB303C /* SignInEmailViewModel.swift */; };
		2CE307DB2A0A99F900FB303C /* StartCoreAppView.swift in Sources */ = {isa = PBXBuildFile; fileRef = 2CE307DA2A0A99F900FB303C /* StartCoreAppView.swift */; };
		2CE307DF2A0A9C1B00FB303C /* AuthManager.swift in Sources */ = {isa = PBXBuildFile; fileRef = 2CE307DE2A0A9C1B00FB303C /* AuthManager.swift */; };
		2CE58F3D2A0A7ED1008682B4 /* FairebaseBootcampApp.swift in Sources */ = {isa = PBXBuildFile; fileRef = 2CE58F3C2A0A7ED1008682B4 /* FairebaseBootcampApp.swift */; };
		2CE58F3F2A0A7ED1008682B4 /* SignInEmailRoot.swift in Sources */ = {isa = PBXBuildFile; fileRef = 2CE58F3E2A0A7ED1008682B4 /* SignInEmailRoot.swift */; };
		2CE58F412A0A7ED1008682B4 /* Assets.xcassets in Resources */ = {isa = PBXBuildFile; fileRef = 2CE58F402A0A7ED1008682B4 /* Assets.xcassets */; };
		2CE58F442A0A7ED1008682B4 /* Preview Assets.xcassets in Resources */ = {isa = PBXBuildFile; fileRef = 2CE58F432A0A7ED1008682B4 /* Preview Assets.xcassets */; };
		2CE58F4B2A0A8064008682B4 /* GoogleService-Info.plist in Resources */ = {isa = PBXBuildFile; fileRef = 2CE58F4A2A0A8064008682B4 /* GoogleService-Info.plist */; };
		2CE58F4E2A0A80E7008682B4 /* FirebaseAnalytics in Frameworks */ = {isa = PBXBuildFile; productRef = 2CE58F4D2A0A80E7008682B4 /* FirebaseAnalytics */; };
		2CE58F502A0A80E7008682B4 /* FirebaseAnalyticsSwift in Frameworks */ = {isa = PBXBuildFile; productRef = 2CE58F4F2A0A80E7008682B4 /* FirebaseAnalyticsSwift */; };
		2CEF399B2A261E580088513D /* FirebaseStorage in Frameworks */ = {isa = PBXBuildFile; productRef = 2CEF399A2A261E580088513D /* FirebaseStorage */; };
		2CEF399D2A261F1B0088513D /* StorageManager.swift in Sources */ = {isa = PBXBuildFile; fileRef = 2CEF399C2A261F1B0088513D /* StorageManager.swift */; };
		2CEF39A02A2625080088513D /* StorageView.swift in Sources */ = {isa = PBXBuildFile; fileRef = 2CEF399F2A2625080088513D /* StorageView.swift */; };
		2CEF39A22A2627DF0088513D /* StorageViewModel.swift in Sources */ = {isa = PBXBuildFile; fileRef = 2CEF39A12A2627DF0088513D /* StorageViewModel.swift */; };
		2CF794332A24FBDF00FD55EC /* Rules.swift in Sources */ = {isa = PBXBuildFile; fileRef = 2CF794322A24FBDF00FD55EC /* Rules.swift */; };
/* End PBXBuildFile section */

/* Begin PBXFileReference section */
		2C0101462A0E6A0F00A96D8A /* GoogleSignIn.swift */ = {isa = PBXFileReference; lastKnownFileType = sourcecode.swift; path = GoogleSignIn.swift; sourceTree = "<group>"; };
		2C01014A2A0E6B4300A96D8A /* GoogleViewModel.swift */ = {isa = PBXFileReference; lastKnownFileType = sourcecode.swift; path = GoogleViewModel.swift; sourceTree = "<group>"; };
		2C0101532A0E780700A96D8A /* AuthUserModel.swift */ = {isa = PBXFileReference; lastKnownFileType = sourcecode.swift; path = AuthUserModel.swift; sourceTree = "<group>"; };
		2C0101552A0E8C8300A96D8A /* GoogleHelper.swift */ = {isa = PBXFileReference; lastKnownFileType = sourcecode.swift; path = GoogleHelper.swift; sourceTree = "<group>"; };
		2C1D16592A12598900EBCDD5 /* SighInAppleHelper.swift */ = {isa = PBXFileReference; lastKnownFileType = sourcecode.swift; path = SighInAppleHelper.swift; sourceTree = "<group>"; };
		2C2377002A22307B00389483 /* UserFavoriteModel.swift */ = {isa = PBXFileReference; lastKnownFileType = sourcecode.swift; path = UserFavoriteModel.swift; sourceTree = "<group>"; };
		2C2AE16C2A0BCB9300D07F7F /* CustomButtonStyle.swift */ = {isa = PBXFileReference; lastKnownFileType = sourcecode.swift; path = CustomButtonStyle.swift; sourceTree = "<group>"; };
		2C2AE1702A0BD32300D07F7F /* RootView.swift */ = {isa = PBXFileReference; lastKnownFileType = sourcecode.swift; path = RootView.swift; sourceTree = "<group>"; };
		2C2AE1722A0BD50400D07F7F /* SignInUpView.swift */ = {isa = PBXFileReference; lastKnownFileType = sourcecode.swift; path = SignInUpView.swift; sourceTree = "<group>"; };
		2C377A922A20D69900207D41 /* FavoriteView.swift */ = {isa = PBXFileReference; lastKnownFileType = sourcecode.swift; path = FavoriteView.swift; sourceTree = "<group>"; };
		2C377A942A21013700207D41 /* ProductCellViewBuilder.swift */ = {isa = PBXFileReference; lastKnownFileType = sourcecode.swift; path = ProductCellViewBuilder.swift; sourceTree = "<group>"; };
		2C6091F02A16611700EEF6F8 /* CoreRootView.swift */ = {isa = PBXFileReference; lastKnownFileType = sourcecode.swift; path = CoreRootView.swift; sourceTree = "<group>"; };
		2C6091F32A1668B500EEF6F8 /* ProfileView.swift */ = {isa = PBXFileReference; lastKnownFileType = sourcecode.swift; path = ProfileView.swift; sourceTree = "<group>"; };
		2C6091F52A16748900EEF6F8 /* ProfileViewMode.swift */ = {isa = PBXFileReference; lastKnownFileType = sourcecode.swift; path = ProfileViewMode.swift; sourceTree = "<group>"; };
		2C6091F92A168C4F00EEF6F8 /* UserManager.swift */ = {isa = PBXFileReference; lastKnownFileType = sourcecode.swift; path = UserManager.swift; sourceTree = "<group>"; };
		2C6091FC2A1696D400EEF6F8 /* DBUserModel.swift */ = {isa = PBXFileReference; lastKnownFileType = sourcecode.swift; path = DBUserModel.swift; sourceTree = "<group>"; };
		2C76DE6C2A0FBE9700243D18 /* SignInView_Apple.swift */ = {isa = PBXFileReference; lastKnownFileType = sourcecode.swift; path = SignInView_Apple.swift; sourceTree = "<group>"; };
		2C76DE6E2A0FC3CD00243D18 /* SignInViewModel_Apple.swift */ = {isa = PBXFileReference; lastKnownFileType = sourcecode.swift; path = SignInViewModel_Apple.swift; sourceTree = "<group>"; };
		2C76DE702A0FD66800243D18 /* Utiliti.swift */ = {isa = PBXFileReference; lastKnownFileType = sourcecode.swift; path = Utiliti.swift; sourceTree = "<group>"; };
		2C7C78742A13AF0800F8D11B /* SignInViewRoot.swift */ = {isa = PBXFileReference; lastKnownFileType = sourcecode.swift; path = SignInViewRoot.swift; sourceTree = "<group>"; };
		2C7C78762A13AF9500F8D11B /* SignInViewModel_Anon.swift */ = {isa = PBXFileReference; lastKnownFileType = sourcecode.swift; path = SignInViewModel_Anon.swift; sourceTree = "<group>"; };
		2C7C787A2A13B43F00F8D11B /* SignInView_Profile.swift */ = {isa = PBXFileReference; lastKnownFileType = sourcecode.swift; path = SignInView_Profile.swift; sourceTree = "<group>"; };
		2C7C787C2A13B93C00F8D11B /* SignInView_Anon.swift */ = {isa = PBXFileReference; lastKnownFileType = sourcecode.swift; path = SignInView_Anon.swift; sourceTree = "<group>"; };
		2C896BE52A289490007FDBD1 /* CrashlyticsView.swift */ = {isa = PBXFileReference; lastKnownFileType = sourcecode.swift; path = CrashlyticsView.swift; sourceTree = "<group>"; };
		2C896BE72A289B8A007FDBD1 /* CrashManager.swift */ = {isa = PBXFileReference; lastKnownFileType = sourcecode.swift; path = CrashManager.swift; sourceTree = "<group>"; };
		2C8B3C202A1E4852000A5503 /* ProductsView_2.swift */ = {isa = PBXFileReference; lastKnownFileType = sourcecode.swift; path = ProductsView_2.swift; sourceTree = "<group>"; };
		2CD6FDF72C4A5C20007C6298 /* Start_init.swift */ = {isa = PBXFileReference; fileEncoding = 4; lastKnownFileType = sourcecode.swift; name = Start_init.swift; path = "../../../../../../Documents/Job/Xcode/Lessons /SwiftUI/Library/Library Mass/LibrarySnip/LibrarySnip/Swift/Firebase/Start_init.swift"; sourceTree = "<group>"; };
		2CD6FDF82C4A5C21007C6298 /* FirebaseRuls.swift */ = {isa = PBXFileReference; fileEncoding = 4; lastKnownFileType = sourcecode.swift; name = FirebaseRuls.swift; path = "../../../../../../Documents/Job/Xcode/Lessons /SwiftUI/Library/Library Mass/LibrarySnip/LibrarySnip/Swift/Firebase/FirebaseRuls.swift"; sourceTree = "<group>"; };
		2CD9B37C2A1B8E8A00B1394A /* ProductModel.swift */ = {isa = PBXFileReference; lastKnownFileType = sourcecode.swift; path = ProductModel.swift; sourceTree = "<group>"; };
		2CD9B37F2A1B8F1400B1394A /* ProductsView.swift */ = {isa = PBXFileReference; lastKnownFileType = sourcecode.swift; path = ProductsView.swift; sourceTree = "<group>"; };
		2CD9B3812A1B962D00B1394A /* ProductsManager.swift */ = {isa = PBXFileReference; lastKnownFileType = sourcecode.swift; path = ProductsManager.swift; sourceTree = "<group>"; };
		2CD9B3832A1BA9EA00B1394A /* ProductsViewModel.swift */ = {isa = PBXFileReference; lastKnownFileType = sourcecode.swift; path = ProductsViewModel.swift; sourceTree = "<group>"; };
		2CD9B3852A1BAAD000B1394A /* ProductCell.swift */ = {isa = PBXFileReference; lastKnownFileType = sourcecode.swift; path = ProductCell.swift; sourceTree = "<group>"; };
		2CE307D12A0A8C1100FB303C /* TextFieldStyle.swift */ = {isa = PBXFileReference; lastKnownFileType = sourcecode.swift; path = TextFieldStyle.swift; sourceTree = "<group>"; };
		2CE307D82A0A95A500FB303C /* SignInEmailViewModel.swift */ = {isa = PBXFileReference; lastKnownFileType = sourcecode.swift; path = SignInEmailViewModel.swift; sourceTree = "<group>"; };
		2CE307DA2A0A99F900FB303C /* StartCoreAppView.swift */ = {isa = PBXFileReference; lastKnownFileType = sourcecode.swift; path = StartCoreAppView.swift; sourceTree = "<group>"; };
		2CE307DE2A0A9C1B00FB303C /* AuthManager.swift */ = {isa = PBXFileReference; lastKnownFileType = sourcecode.swift; path = AuthManager.swift; sourceTree = "<group>"; };
		2CE58F392A0A7ED1008682B4 /* FairebaseBootcamp.app */ = {isa = PBXFileReference; explicitFileType = wrapper.application; includeInIndex = 0; path = FairebaseBootcamp.app; sourceTree = BUILT_PRODUCTS_DIR; };
		2CE58F3C2A0A7ED1008682B4 /* FairebaseBootcampApp.swift */ = {isa = PBXFileReference; lastKnownFileType = sourcecode.swift; path = FairebaseBootcampApp.swift; sourceTree = "<group>"; };
		2CE58F3E2A0A7ED1008682B4 /* SignInEmailRoot.swift */ = {isa = PBXFileReference; lastKnownFileType = sourcecode.swift; path = SignInEmailRoot.swift; sourceTree = "<group>"; };
		2CE58F402A0A7ED1008682B4 /* Assets.xcassets */ = {isa = PBXFileReference; lastKnownFileType = folder.assetcatalog; path = Assets.xcassets; sourceTree = "<group>"; };
		2CE58F432A0A7ED1008682B4 /* Preview Assets.xcassets */ = {isa = PBXFileReference; lastKnownFileType = folder.assetcatalog; path = "Preview Assets.xcassets"; sourceTree = "<group>"; };
		2CE58F4A2A0A8064008682B4 /* GoogleService-Info.plist */ = {isa = PBXFileReference; fileEncoding = 4; lastKnownFileType = text.plist.xml; path = "GoogleService-Info.plist"; sourceTree = "<group>"; };
		2CE58F522A0A823D008682B4 /* Info.plist */ = {isa = PBXFileReference; lastKnownFileType = text.plist.xml; path = Info.plist; sourceTree = "<group>"; };
		2CEF399C2A261F1B0088513D /* StorageManager.swift */ = {isa = PBXFileReference; lastKnownFileType = sourcecode.swift; path = StorageManager.swift; sourceTree = "<group>"; };
		2CEF399F2A2625080088513D /* StorageView.swift */ = {isa = PBXFileReference; lastKnownFileType = sourcecode.swift; path = StorageView.swift; sourceTree = "<group>"; };
		2CEF39A12A2627DF0088513D /* StorageViewModel.swift */ = {isa = PBXFileReference; lastKnownFileType = sourcecode.swift; path = StorageViewModel.swift; sourceTree = "<group>"; };
		2CF794322A24FBDF00FD55EC /* Rules.swift */ = {isa = PBXFileReference; lastKnownFileType = sourcecode.swift; path = Rules.swift; sourceTree = "<group>"; };
/* End PBXFileReference section */

/* Begin PBXFrameworksBuildPhase section */
		2CE58F362A0A7ED1008682B4 /* Frameworks */ = {
			isa = PBXFrameworksBuildPhase;
			buildActionMask = 2147483647;
			files = (
				2C0101402A0E644000A96D8A /* GoogleSignInSwift in Frameworks */,
				2CE58F502A0A80E7008682B4 /* FirebaseAnalyticsSwift in Frameworks */,
				2C896BEA2A28B40B007FDBD1 /* FirebasePerformance in Frameworks */,
				2C01013E2A0E644000A96D8A /* GoogleSignIn in Frameworks */,
				2C6091EE2A165B6300EEF6F8 /* FirebaseFirestoreSwift in Frameworks */,
				2CE307CF2A0A88B400FB303C /* FirebaseAuth in Frameworks */,
				2CEF399B2A261E580088513D /* FirebaseStorage in Frameworks */,
				2C896BE02A289226007FDBD1 /* FirebaseCrashlytics in Frameworks */,
				2CE58F4E2A0A80E7008682B4 /* FirebaseAnalytics in Frameworks */,
				2C6091EC2A165B5000EEF6F8 /* FirebaseFirestore in Frameworks */,
			);
			runOnlyForDeploymentPostprocessing = 0;
		};
/* End PBXFrameworksBuildPhase section */

/* Begin PBXGroup section */
		2C0101412A0E65ED00A96D8A /* Authentication_Email */ = {
			isa = PBXGroup;
			children = (
				2CE58F3E2A0A7ED1008682B4 /* SignInEmailRoot.swift */,
				2CE307D82A0A95A500FB303C /* SignInEmailViewModel.swift */,
				2C2AE1722A0BD50400D07F7F /* SignInUpView.swift */,
				2CE307DA2A0A99F900FB303C /* StartCoreAppView.swift */,
			);
			path = Authentication_Email;
			sourceTree = "<group>";
		};
		2C0101422A0E665000A96D8A /* Authentication */ = {
			isa = PBXGroup;
			children = (
				2C2AE1702A0BD32300D07F7F /* RootView.swift */,
				2C76DE702A0FD66800243D18 /* Utiliti.swift */,
				2C0101412A0E65ED00A96D8A /* Authentication_Email */,
				2C0101432A0E668900A96D8A /* Authentication_Google */,
				2C76DE6B2A0FBE7100243D18 /* Authentication_Apple */,
				2C1D165B2A1272C500EBCDD5 /* Authentication_Anonymously */,
			);
			path = Authentication;
			sourceTree = "<group>";
		};
		2C0101432A0E668900A96D8A /* Authentication_Google */ = {
			isa = PBXGroup;
			children = (
				2C0101552A0E8C8300A96D8A /* GoogleHelper.swift */,
				2C01014A2A0E6B4300A96D8A /* GoogleViewModel.swift */,
				2C0101462A0E6A0F00A96D8A /* GoogleSignIn.swift */,
			);
			path = Authentication_Google;
			sourceTree = "<group>";
		};
		2C1D165B2A1272C500EBCDD5 /* Authentication_Anonymously */ = {
			isa = PBXGroup;
			children = (
				2C7C78742A13AF0800F8D11B /* SignInViewRoot.swift */,
				2C7C78762A13AF9500F8D11B /* SignInViewModel_Anon.swift */,
				2C7C787C2A13B93C00F8D11B /* SignInView_Anon.swift */,
				2C7C787A2A13B43F00F8D11B /* SignInView_Profile.swift */,
			);
			path = Authentication_Anonymously;
			sourceTree = "<group>";
		};
		2C377A912A20D68A00207D41 /* Favorite */ = {
			isa = PBXGroup;
			children = (
				2C377A922A20D69900207D41 /* FavoriteView.swift */,
				2C2377002A22307B00389483 /* UserFavoriteModel.swift */,
			);
			path = Favorite;
			sourceTree = "<group>";
		};
		2C6091EF2A165DB600EEF6F8 /* Core */ = {
			isa = PBXGroup;
			children = (
				2C6091F02A16611700EEF6F8 /* CoreRootView.swift */,
				2CD9B37B2A1B8E6400B1394A /* Product */,
				2C6091F22A1668A400EEF6F8 /* Profile */,
				2C377A912A20D68A00207D41 /* Favorite */,
				2CEF399E2A2624C80088513D /* StorageImages */,
				2C896BE22A289445007FDBD1 /* Crashlytics */,
			);
			path = Core;
			sourceTree = "<group>";
		};
		2C6091F22A1668A400EEF6F8 /* Profile */ = {
			isa = PBXGroup;
			children = (
				2C6091F32A1668B500EEF6F8 /* ProfileView.swift */,
				2C6091F52A16748900EEF6F8 /* ProfileViewMode.swift */,
			);
			path = Profile;
			sourceTree = "<group>";
		};
		2C6091F82A168B6200EEF6F8 /* Managers */ = {
			isa = PBXGroup;
			children = (
				2CE307DE2A0A9C1B00FB303C /* AuthManager.swift */,
				2C6091F92A168C4F00EEF6F8 /* UserManager.swift */,
				2CD9B3812A1B962D00B1394A /* ProductsManager.swift */,
				2CEF399C2A261F1B0088513D /* StorageManager.swift */,
			);
			path = Managers;
			sourceTree = "<group>";
		};
		2C6091FB2A168F9600EEF6F8 /* Models */ = {
			isa = PBXGroup;
			children = (
				2C0101532A0E780700A96D8A /* AuthUserModel.swift */,
				2C6091FC2A1696D400EEF6F8 /* DBUserModel.swift */,
				2CD9B37C2A1B8E8A00B1394A /* ProductModel.swift */,
			);
			path = Models;
			sourceTree = "<group>";
		};
		2C76DE6B2A0FBE7100243D18 /* Authentication_Apple */ = {
			isa = PBXGroup;
			children = (
				2C76DE6C2A0FBE9700243D18 /* SignInView_Apple.swift */,
				2C76DE6E2A0FC3CD00243D18 /* SignInViewModel_Apple.swift */,
				2C1D16592A12598900EBCDD5 /* SighInAppleHelper.swift */,
			);
			path = Authentication_Apple;
			sourceTree = "<group>";
		};
		2C896BE22A289445007FDBD1 /* Crashlytics */ = {
			isa = PBXGroup;
			children = (
				2C896BE72A289B8A007FDBD1 /* CrashManager.swift */,
				2C896BE52A289490007FDBD1 /* CrashlyticsView.swift */,
			);
			path = Crashlytics;
			sourceTree = "<group>";
		};
		2CD6FDF62C4A5BA8007C6298 /* Else */ = {
			isa = PBXGroup;
			children = (
				2CD6FDF82C4A5C21007C6298 /* FirebaseRuls.swift */,
				2CD6FDF72C4A5C20007C6298 /* Start_init.swift */,
			);
			path = Else;
			sourceTree = "<group>";
		};
		2CD9B37B2A1B8E6400B1394A /* Product */ = {
			isa = PBXGroup;
			children = (
				2CD9B37F2A1B8F1400B1394A /* ProductsView.swift */,
				2C8B3C202A1E4852000A5503 /* ProductsView_2.swift */,
				2CD9B3832A1BA9EA00B1394A /* ProductsViewModel.swift */,
				2CD9B3852A1BAAD000B1394A /* ProductCell.swift */,
				2C377A942A21013700207D41 /* ProductCellViewBuilder.swift */,
			);
			path = Product;
			sourceTree = "<group>";
		};
		2CE307CD2A0A88B400FB303C /* Frameworks */ = {
			isa = PBXGroup;
			children = (
			);
			name = Frameworks;
			sourceTree = "<group>";
		};
		2CE307D02A0A8BF600FB303C /* Components */ = {
			isa = PBXGroup;
			children = (
				2CE307D12A0A8C1100FB303C /* TextFieldStyle.swift */,
				2C2AE16C2A0BCB9300D07F7F /* CustomButtonStyle.swift */,
				2CF794322A24FBDF00FD55EC /* Rules.swift */,
			);
			path = Components;
			sourceTree = "<group>";
		};
		2CE58F302A0A7ED1008682B4 = {
			isa = PBXGroup;
			children = (
				2CE58F3B2A0A7ED1008682B4 /* FairebaseBootcamp */,
				2CE58F3A2A0A7ED1008682B4 /* Products */,
				2CE307CD2A0A88B400FB303C /* Frameworks */,
			);
			sourceTree = "<group>";
		};
		2CE58F3A2A0A7ED1008682B4 /* Products */ = {
			isa = PBXGroup;
			children = (
				2CE58F392A0A7ED1008682B4 /* FairebaseBootcamp.app */,
			);
			name = Products;
			sourceTree = "<group>";
		};
		2CE58F3B2A0A7ED1008682B4 /* FairebaseBootcamp */ = {
			isa = PBXGroup;
			children = (
				2CE58F512A0A820C008682B4 /* Sources */,
				2CE307D02A0A8BF600FB303C /* Components */,
				2C6091FB2A168F9600EEF6F8 /* Models */,
				2C6091F82A168B6200EEF6F8 /* Managers */,
				2C0101422A0E665000A96D8A /* Authentication */,
				2C6091EF2A165DB600EEF6F8 /* Core */,
				2CD6FDF62C4A5BA8007C6298 /* Else */,
			);
			path = FairebaseBootcamp;
			sourceTree = "<group>";
		};
		2CE58F422A0A7ED1008682B4 /* Preview Content */ = {
			isa = PBXGroup;
			children = (
				2CE58F432A0A7ED1008682B4 /* Preview Assets.xcassets */,
			);
			path = "Preview Content";
			sourceTree = "<group>";
		};
		2CE58F512A0A820C008682B4 /* Sources */ = {
			isa = PBXGroup;
			children = (
				2CE58F422A0A7ED1008682B4 /* Preview Content */,
				2CE58F402A0A7ED1008682B4 /* Assets.xcassets */,
				2CE58F522A0A823D008682B4 /* Info.plist */,
				2CE58F4A2A0A8064008682B4 /* GoogleService-Info.plist */,
				2CE58F3C2A0A7ED1008682B4 /* FairebaseBootcampApp.swift */,
			);
			path = Sources;
			sourceTree = "<group>";
		};
		2CEF399E2A2624C80088513D /* StorageImages */ = {
			isa = PBXGroup;
			children = (
				2CEF399F2A2625080088513D /* StorageView.swift */,
				2CEF39A12A2627DF0088513D /* StorageViewModel.swift */,
			);
			path = StorageImages;
			sourceTree = "<group>";
		};
/* End PBXGroup section */

/* Begin PBXNativeTarget section */
		2CE58F382A0A7ED1008682B4 /* FairebaseBootcamp */ = {
			isa = PBXNativeTarget;
			buildConfigurationList = 2CE58F472A0A7ED1008682B4 /* Build configuration list for PBXNativeTarget "FairebaseBootcamp" */;
			buildPhases = (
				2CE58F352A0A7ED1008682B4 /* Sources */,
				2CE58F362A0A7ED1008682B4 /* Frameworks */,
				2CE58F372A0A7ED1008682B4 /* Resources */,
				2C896BE12A289316007FDBD1 /* ShellScript */,
			);
			buildRules = (
			);
			dependencies = (
			);
			name = FairebaseBootcamp;
			packageProductDependencies = (
				2CE58F4D2A0A80E7008682B4 /* FirebaseAnalytics */,
				2CE58F4F2A0A80E7008682B4 /* FirebaseAnalyticsSwift */,
				2CE307CE2A0A88B400FB303C /* FirebaseAuth */,
				2C01013D2A0E644000A96D8A /* GoogleSignIn */,
				2C01013F2A0E644000A96D8A /* GoogleSignInSwift */,
				2C6091EB2A165B5000EEF6F8 /* FirebaseFirestore */,
				2C6091ED2A165B6300EEF6F8 /* FirebaseFirestoreSwift */,
				2CEF399A2A261E580088513D /* FirebaseStorage */,
				2C896BDF2A289226007FDBD1 /* FirebaseCrashlytics */,
				2C896BE92A28B40B007FDBD1 /* FirebasePerformance */,
			);
			productName = FairebaseBootcamp;
			productReference = 2CE58F392A0A7ED1008682B4 /* FairebaseBootcamp.app */;
			productType = "com.apple.product-type.application";
		};
/* End PBXNativeTarget section */

/* Begin PBXProject section */
		2CE58F312A0A7ED1008682B4 /* Project object */ = {
			isa = PBXProject;
			attributes = {
				BuildIndependentTargetsInParallel = 1;
				LastSwiftUpdateCheck = 1420;
				LastUpgradeCheck = 1420;
				TargetAttributes = {
					2CE58F382A0A7ED1008682B4 = {
						CreatedOnToolsVersion = 14.2;
					};
				};
			};
			buildConfigurationList = 2CE58F342A0A7ED1008682B4 /* Build configuration list for PBXProject "FairebaseBootcamp" */;
			compatibilityVersion = "Xcode 14.0";
			developmentRegion = en;
			hasScannedForEncodings = 0;
			knownRegions = (
				en,
				Base,
			);
			mainGroup = 2CE58F302A0A7ED1008682B4;
			packageReferences = (
				2CE58F4C2A0A80E7008682B4 /* XCRemoteSwiftPackageReference "firebase-ios-sdk" */,
				2C01013C2A0E644000A96D8A /* XCRemoteSwiftPackageReference "GoogleSignIn-iOS" */,
			);
			productRefGroup = 2CE58F3A2A0A7ED1008682B4 /* Products */;
			projectDirPath = "";
			projectRoot = "";
			targets = (
				2CE58F382A0A7ED1008682B4 /* FairebaseBootcamp */,
			);
		};
/* End PBXProject section */

/* Begin PBXResourcesBuildPhase section */
		2CE58F372A0A7ED1008682B4 /* Resources */ = {
			isa = PBXResourcesBuildPhase;
			buildActionMask = 2147483647;
			files = (
				2CE58F442A0A7ED1008682B4 /* Preview Assets.xcassets in Resources */,
				2CE58F412A0A7ED1008682B4 /* Assets.xcassets in Resources */,
				2CE58F4B2A0A8064008682B4 /* GoogleService-Info.plist in Resources */,
			);
			runOnlyForDeploymentPostprocessing = 0;
		};
/* End PBXResourcesBuildPhase section */

/* Begin PBXShellScriptBuildPhase section */
		2C896BE12A289316007FDBD1 /* ShellScript */ = {
			isa = PBXShellScriptBuildPhase;
			buildActionMask = 2147483647;
			files = (
			);
			inputFileListPaths = (
			);
			inputPaths = (
				"${DWARF_DSYM_FOLDER_PATH}/${DWARF_DSYM_FILE_NAME}/Contents/Resources/DWARF/${TARGET_NAME}",
				"$(SRCROOT)/$(BUILT_PRODUCTS_DIR)/$(INFOPLIST_PATH)",
			);
			outputFileListPaths = (
			);
			outputPaths = (
			);
			runOnlyForDeploymentPostprocessing = 0;
			shellPath = /bin/sh;
			shellScript = "# Type a script or drag a script file from your workspace to insert its path.\n\"${BUILD_DIR%/Build/*}/SourcePackages/checkouts/firebase-ios-sdk/Crashlytics/run\"\n";
		};
/* End PBXShellScriptBuildPhase section */

/* Begin PBXSourcesBuildPhase section */
		2CE58F352A0A7ED1008682B4 /* Sources */ = {
			isa = PBXSourcesBuildPhase;
			buildActionMask = 2147483647;
			files = (
				2CD9B3802A1B8F1400B1394A /* ProductsView.swift in Sources */,
				2C2AE1732A0BD50400D07F7F /* SignInUpView.swift in Sources */,
				2CEF39A02A2625080088513D /* StorageView.swift in Sources */,
				2C6091F62A16748900EEF6F8 /* ProfileViewMode.swift in Sources */,
				2CD9B3822A1B962D00B1394A /* ProductsManager.swift in Sources */,
				2C7C787B2A13B43F00F8D11B /* SignInView_Profile.swift in Sources */,
				2C2AE1712A0BD32300D07F7F /* RootView.swift in Sources */,
				2CD9B37D2A1B8E8B00B1394A /* ProductModel.swift in Sources */,
				2C7C787D2A13B93C00F8D11B /* SignInView_Anon.swift in Sources */,
				2C7C78772A13AF9500F8D11B /* SignInViewModel_Anon.swift in Sources */,
				2CEF399D2A261F1B0088513D /* StorageManager.swift in Sources */,
				2CE307D22A0A8C1100FB303C /* TextFieldStyle.swift in Sources */,
				2C896BE62A289490007FDBD1 /* CrashlyticsView.swift in Sources */,
				2CD9B3862A1BAAD000B1394A /* ProductCell.swift in Sources */,
				2CE307DF2A0A9C1B00FB303C /* AuthManager.swift in Sources */,
				2CE307D92A0A95A500FB303C /* SignInEmailViewModel.swift in Sources */,
				2CEF39A22A2627DF0088513D /* StorageViewModel.swift in Sources */,
				2C0101472A0E6A0F00A96D8A /* GoogleSignIn.swift in Sources */,
				2C377A952A21013700207D41 /* ProductCellViewBuilder.swift in Sources */,
				2CE58F3F2A0A7ED1008682B4 /* SignInEmailRoot.swift in Sources */,
				2C8B3C212A1E4852000A5503 /* ProductsView_2.swift in Sources */,
				2C377A932A20D69900207D41 /* FavoriteView.swift in Sources */,
				2CD6FDF92C4A5C21007C6298 /* Start_init.swift in Sources */,
				2C7C78752A13AF0800F8D11B /* SignInViewRoot.swift in Sources */,
				2C6091F12A16611700EEF6F8 /* CoreRootView.swift in Sources */,
				2C1D165A2A12598900EBCDD5 /* SighInAppleHelper.swift in Sources */,
				2CE58F3D2A0A7ED1008682B4 /* FairebaseBootcampApp.swift in Sources */,
				2CD9B3842A1BA9EA00B1394A /* ProductsViewModel.swift in Sources */,
				2C76DE6D2A0FBE9700243D18 /* SignInView_Apple.swift in Sources */,
				2C2AE16D2A0BCB9300D07F7F /* CustomButtonStyle.swift in Sources */,
				2C76DE6F2A0FC3CD00243D18 /* SignInViewModel_Apple.swift in Sources */,
				2C896BE82A289B8A007FDBD1 /* CrashManager.swift in Sources */,
				2C6091FA2A168C4F00EEF6F8 /* UserManager.swift in Sources */,
				2C6091F42A1668B500EEF6F8 /* ProfileView.swift in Sources */,
				2C6091FD2A1696D400EEF6F8 /* DBUserModel.swift in Sources */,
				2CF794332A24FBDF00FD55EC /* Rules.swift in Sources */,
				2CE307DB2A0A99F900FB303C /* StartCoreAppView.swift in Sources */,
				2CD6FDFA2C4A5C21007C6298 /* FirebaseRuls.swift in Sources */,
				2C76DE712A0FD66800243D18 /* Utiliti.swift in Sources */,
				2C2377012A22307B00389483 /* UserFavoriteModel.swift in Sources */,
				2C01014B2A0E6B4300A96D8A /* GoogleViewModel.swift in Sources */,
				2C0101542A0E780700A96D8A /* AuthUserModel.swift in Sources */,
				2C0101562A0E8C8300A96D8A /* GoogleHelper.swift in Sources */,
			);
			runOnlyForDeploymentPostprocessing = 0;
		};
/* End PBXSourcesBuildPhase section */

/* Begin XCBuildConfiguration section */
		2CE58F452A0A7ED1008682B4 /* Debug */ = {
			isa = XCBuildConfiguration;
			buildSettings = {
				ALWAYS_SEARCH_USER_PATHS = NO;
				CLANG_ANALYZER_NONNULL = YES;
				CLANG_ANALYZER_NUMBER_OBJECT_CONVERSION = YES_AGGRESSIVE;
				CLANG_CXX_LANGUAGE_STANDARD = "gnu++20";
				CLANG_ENABLE_MODULES = YES;
				CLANG_ENABLE_OBJC_ARC = YES;
				CLANG_ENABLE_OBJC_WEAK = YES;
				CLANG_WARN_BLOCK_CAPTURE_AUTORELEASING = YES;
				CLANG_WARN_BOOL_CONVERSION = YES;
				CLANG_WARN_COMMA = YES;
				CLANG_WARN_CONSTANT_CONVERSION = YES;
				CLANG_WARN_DEPRECATED_OBJC_IMPLEMENTATIONS = YES;
				CLANG_WARN_DIRECT_OBJC_ISA_USAGE = YES_ERROR;
				CLANG_WARN_DOCUMENTATION_COMMENTS = YES;
				CLANG_WARN_EMPTY_BODY = YES;
				CLANG_WARN_ENUM_CONVERSION = YES;
				CLANG_WARN_INFINITE_RECURSION = YES;
				CLANG_WARN_INT_CONVERSION = YES;
				CLANG_WARN_NON_LITERAL_NULL_CONVERSION = YES;
				CLANG_WARN_OBJC_IMPLICIT_RETAIN_SELF = YES;
				CLANG_WARN_OBJC_LITERAL_CONVERSION = YES;
				CLANG_WARN_OBJC_ROOT_CLASS = YES_ERROR;
				CLANG_WARN_QUOTED_INCLUDE_IN_FRAMEWORK_HEADER = YES;
				CLANG_WARN_RANGE_LOOP_ANALYSIS = YES;
				CLANG_WARN_STRICT_PROTOTYPES = YES;
				CLANG_WARN_SUSPICIOUS_MOVE = YES;
				CLANG_WARN_UNGUARDED_AVAILABILITY = YES_AGGRESSIVE;
				CLANG_WARN_UNREACHABLE_CODE = YES;
				CLANG_WARN__DUPLICATE_METHOD_MATCH = YES;
				COPY_PHASE_STRIP = NO;
				DEBUG_INFORMATION_FORMAT = dwarf;
				ENABLE_STRICT_OBJC_MSGSEND = YES;
				ENABLE_TESTABILITY = YES;
				GCC_C_LANGUAGE_STANDARD = gnu11;
				GCC_DYNAMIC_NO_PIC = NO;
				GCC_NO_COMMON_BLOCKS = YES;
				GCC_OPTIMIZATION_LEVEL = 0;
				GCC_PREPROCESSOR_DEFINITIONS = (
					"DEBUG=1",
					"$(inherited)",
				);
				GCC_WARN_64_TO_32_BIT_CONVERSION = YES;
				GCC_WARN_ABOUT_RETURN_TYPE = YES_ERROR;
				GCC_WARN_UNDECLARED_SELECTOR = YES;
				GCC_WARN_UNINITIALIZED_AUTOS = YES_AGGRESSIVE;
				GCC_WARN_UNUSED_FUNCTION = YES;
				GCC_WARN_UNUSED_VARIABLE = YES;
				IPHONEOS_DEPLOYMENT_TARGET = 16.2;
				MTL_ENABLE_DEBUG_INFO = INCLUDE_SOURCE;
				MTL_FAST_MATH = YES;
				ONLY_ACTIVE_ARCH = YES;
				SDKROOT = iphoneos;
				SWIFT_ACTIVE_COMPILATION_CONDITIONS = DEBUG;
				SWIFT_OPTIMIZATION_LEVEL = "-Onone";
			};
			name = Debug;
		};
		2CE58F462A0A7ED1008682B4 /* Release */ = {
			isa = XCBuildConfiguration;
			buildSettings = {
				ALWAYS_SEARCH_USER_PATHS = NO;
				CLANG_ANALYZER_NONNULL = YES;
				CLANG_ANALYZER_NUMBER_OBJECT_CONVERSION = YES_AGGRESSIVE;
				CLANG_CXX_LANGUAGE_STANDARD = "gnu++20";
				CLANG_ENABLE_MODULES = YES;
				CLANG_ENABLE_OBJC_ARC = YES;
				CLANG_ENABLE_OBJC_WEAK = YES;
				CLANG_WARN_BLOCK_CAPTURE_AUTORELEASING = YES;
				CLANG_WARN_BOOL_CONVERSION = YES;
				CLANG_WARN_COMMA = YES;
				CLANG_WARN_CONSTANT_CONVERSION = YES;
				CLANG_WARN_DEPRECATED_OBJC_IMPLEMENTATIONS = YES;
				CLANG_WARN_DIRECT_OBJC_ISA_USAGE = YES_ERROR;
				CLANG_WARN_DOCUMENTATION_COMMENTS = YES;
				CLANG_WARN_EMPTY_BODY = YES;
				CLANG_WARN_ENUM_CONVERSION = YES;
				CLANG_WARN_INFINITE_RECURSION = YES;
				CLANG_WARN_INT_CONVERSION = YES;
				CLANG_WARN_NON_LITERAL_NULL_CONVERSION = YES;
				CLANG_WARN_OBJC_IMPLICIT_RETAIN_SELF = YES;
				CLANG_WARN_OBJC_LITERAL_CONVERSION = YES;
				CLANG_WARN_OBJC_ROOT_CLASS = YES_ERROR;
				CLANG_WARN_QUOTED_INCLUDE_IN_FRAMEWORK_HEADER = YES;
				CLANG_WARN_RANGE_LOOP_ANALYSIS = YES;
				CLANG_WARN_STRICT_PROTOTYPES = YES;
				CLANG_WARN_SUSPICIOUS_MOVE = YES;
				CLANG_WARN_UNGUARDED_AVAILABILITY = YES_AGGRESSIVE;
				CLANG_WARN_UNREACHABLE_CODE = YES;
				CLANG_WARN__DUPLICATE_METHOD_MATCH = YES;
				COPY_PHASE_STRIP = NO;
				DEBUG_INFORMATION_FORMAT = "dwarf-with-dsym";
				ENABLE_NS_ASSERTIONS = NO;
				ENABLE_STRICT_OBJC_MSGSEND = YES;
				GCC_C_LANGUAGE_STANDARD = gnu11;
				GCC_NO_COMMON_BLOCKS = YES;
				GCC_WARN_64_TO_32_BIT_CONVERSION = YES;
				GCC_WARN_ABOUT_RETURN_TYPE = YES_ERROR;
				GCC_WARN_UNDECLARED_SELECTOR = YES;
				GCC_WARN_UNINITIALIZED_AUTOS = YES_AGGRESSIVE;
				GCC_WARN_UNUSED_FUNCTION = YES;
				GCC_WARN_UNUSED_VARIABLE = YES;
				IPHONEOS_DEPLOYMENT_TARGET = 16.2;
				MTL_ENABLE_DEBUG_INFO = NO;
				MTL_FAST_MATH = YES;
				SDKROOT = iphoneos;
				SWIFT_COMPILATION_MODE = wholemodule;
				SWIFT_OPTIMIZATION_LEVEL = "-O";
				VALIDATE_PRODUCT = YES;
			};
			name = Release;
		};
		2CE58F482A0A7ED1008682B4 /* Debug */ = {
			isa = XCBuildConfiguration;
			buildSettings = {
				ASSETCATALOG_COMPILER_APPICON_NAME = AppIcon;
				ASSETCATALOG_COMPILER_GLOBAL_ACCENT_COLOR_NAME = AccentColor;
				CODE_SIGN_STYLE = Automatic;
				CURRENT_PROJECT_VERSION = 1;
				DEBUG_INFORMATION_FORMAT = "dwarf-with-dsym";
				DEVELOPMENT_ASSET_PATHS = "\"FairebaseBootcamp/Sources/Preview Content\"";
				ENABLE_PREVIEWS = YES;
				GENERATE_INFOPLIST_FILE = YES;
				INFOPLIST_FILE = FairebaseBootcamp/Sources/Info.plist;
				INFOPLIST_KEY_UIApplicationSupportsIndirectInputEvents = YES;
				INFOPLIST_KEY_UILaunchScreen_Generation = YES;
				INFOPLIST_KEY_UISupportedInterfaceOrientations_iPad = "UIInterfaceOrientationPortrait UIInterfaceOrientationPortraitUpsideDown UIInterfaceOrientationLandscapeLeft UIInterfaceOrientationLandscapeRight";
				INFOPLIST_KEY_UISupportedInterfaceOrientations_iPhone = "UIInterfaceOrientationPortrait UIInterfaceOrientationLandscapeLeft UIInterfaceOrientationLandscapeRight";
				LD_RUNPATH_SEARCH_PATHS = (
					"$(inherited)",
					"@executable_path/Frameworks",
				);
				MARKETING_VERSION = 1.0;
				PRODUCT_BUNDLE_IDENTIFIER = Alex.FairebaseBootcamp;
				PRODUCT_NAME = "$(TARGET_NAME)";
				SWIFT_EMIT_LOC_STRINGS = YES;
				SWIFT_VERSION = 5.0;
				TARGETED_DEVICE_FAMILY = "1,2";
			};
			name = Debug;
		};
		2CE58F492A0A7ED1008682B4 /* Release */ = {
			isa = XCBuildConfiguration;
			buildSettings = {
				ASSETCATALOG_COMPILER_APPICON_NAME = AppIcon;
				ASSETCATALOG_COMPILER_GLOBAL_ACCENT_COLOR_NAME = AccentColor;
				CODE_SIGN_STYLE = Automatic;
				CURRENT_PROJECT_VERSION = 1;
				DEVELOPMENT_ASSET_PATHS = "\"FairebaseBootcamp/Sources/Preview Content\"";
				ENABLE_PREVIEWS = YES;
				GENERATE_INFOPLIST_FILE = YES;
				INFOPLIST_FILE = FairebaseBootcamp/Sources/Info.plist;
				INFOPLIST_KEY_UIApplicationSupportsIndirectInputEvents = YES;
				INFOPLIST_KEY_UILaunchScreen_Generation = YES;
				INFOPLIST_KEY_UISupportedInterfaceOrientations_iPad = "UIInterfaceOrientationPortrait UIInterfaceOrientationPortraitUpsideDown UIInterfaceOrientationLandscapeLeft UIInterfaceOrientationLandscapeRight";
				INFOPLIST_KEY_UISupportedInterfaceOrientations_iPhone = "UIInterfaceOrientationPortrait UIInterfaceOrientationLandscapeLeft UIInterfaceOrientationLandscapeRight";
				LD_RUNPATH_SEARCH_PATHS = (
					"$(inherited)",
					"@executable_path/Frameworks",
				);
				MARKETING_VERSION = 1.0;
				PRODUCT_BUNDLE_IDENTIFIER = Alex.FairebaseBootcamp;
				PRODUCT_NAME = "$(TARGET_NAME)";
				SWIFT_EMIT_LOC_STRINGS = YES;
				SWIFT_VERSION = 5.0;
				TARGETED_DEVICE_FAMILY = "1,2";
			};
			name = Release;
		};
/* End XCBuildConfiguration section */

/* Begin XCConfigurationList section */
		2CE58F342A0A7ED1008682B4 /* Build configuration list for PBXProject "FairebaseBootcamp" */ = {
			isa = XCConfigurationList;
			buildConfigurations = (
				2CE58F452A0A7ED1008682B4 /* Debug */,
				2CE58F462A0A7ED1008682B4 /* Release */,
			);
			defaultConfigurationIsVisible = 0;
			defaultConfigurationName = Release;
		};
		2CE58F472A0A7ED1008682B4 /* Build configuration list for PBXNativeTarget "FairebaseBootcamp" */ = {
			isa = XCConfigurationList;
			buildConfigurations = (
				2CE58F482A0A7ED1008682B4 /* Debug */,
				2CE58F492A0A7ED1008682B4 /* Release */,
			);
			defaultConfigurationIsVisible = 0;
			defaultConfigurationName = Release;
		};
/* End XCConfigurationList section */

/* Begin XCRemoteSwiftPackageReference section */
		2C01013C2A0E644000A96D8A /* XCRemoteSwiftPackageReference "GoogleSignIn-iOS" */ = {
			isa = XCRemoteSwiftPackageReference;
			repositoryURL = "https://github.com/google/GoogleSignIn-iOS.git";
			requirement = {
				kind = upToNextMajorVersion;
				minimumVersion = 7.0.0;
			};
		};
		2CE58F4C2A0A80E7008682B4 /* XCRemoteSwiftPackageReference "firebase-ios-sdk" */ = {
			isa = XCRemoteSwiftPackageReference;
			repositoryURL = "https://github.com/firebase/firebase-ios-sdk";
			requirement = {
				kind = exactVersion;
				version = 10.0.0;
			};
		};
/* End XCRemoteSwiftPackageReference section */

/* Begin XCSwiftPackageProductDependency section */
		2C01013D2A0E644000A96D8A /* GoogleSignIn */ = {
			isa = XCSwiftPackageProductDependency;
			package = 2C01013C2A0E644000A96D8A /* XCRemoteSwiftPackageReference "GoogleSignIn-iOS" */;
			productName = GoogleSignIn;
		};
		2C01013F2A0E644000A96D8A /* GoogleSignInSwift */ = {
			isa = XCSwiftPackageProductDependency;
			package = 2C01013C2A0E644000A96D8A /* XCRemoteSwiftPackageReference "GoogleSignIn-iOS" */;
			productName = GoogleSignInSwift;
		};
		2C6091EB2A165B5000EEF6F8 /* FirebaseFirestore */ = {
			isa = XCSwiftPackageProductDependency;
			package = 2CE58F4C2A0A80E7008682B4 /* XCRemoteSwiftPackageReference "firebase-ios-sdk" */;
			productName = FirebaseFirestore;
		};
		2C6091ED2A165B6300EEF6F8 /* FirebaseFirestoreSwift */ = {
			isa = XCSwiftPackageProductDependency;
			package = 2CE58F4C2A0A80E7008682B4 /* XCRemoteSwiftPackageReference "firebase-ios-sdk" */;
			productName = FirebaseFirestoreSwift;
		};
		2C896BDF2A289226007FDBD1 /* FirebaseCrashlytics */ = {
			isa = XCSwiftPackageProductDependency;
			package = 2CE58F4C2A0A80E7008682B4 /* XCRemoteSwiftPackageReference "firebase-ios-sdk" */;
			productName = FirebaseCrashlytics;
		};
		2C896BE92A28B40B007FDBD1 /* FirebasePerformance */ = {
			isa = XCSwiftPackageProductDependency;
			package = 2CE58F4C2A0A80E7008682B4 /* XCRemoteSwiftPackageReference "firebase-ios-sdk" */;
			productName = FirebasePerformance;
		};
		2CE307CE2A0A88B400FB303C /* FirebaseAuth */ = {
			isa = XCSwiftPackageProductDependency;
			package = 2CE58F4C2A0A80E7008682B4 /* XCRemoteSwiftPackageReference "firebase-ios-sdk" */;
			productName = FirebaseAuth;
		};
		2CE58F4D2A0A80E7008682B4 /* FirebaseAnalytics */ = {
			isa = XCSwiftPackageProductDependency;
			package = 2CE58F4C2A0A80E7008682B4 /* XCRemoteSwiftPackageReference "firebase-ios-sdk" */;
			productName = FirebaseAnalytics;
		};
		2CE58F4F2A0A80E7008682B4 /* FirebaseAnalyticsSwift */ = {
			isa = XCSwiftPackageProductDependency;
			package = 2CE58F4C2A0A80E7008682B4 /* XCRemoteSwiftPackageReference "firebase-ios-sdk" */;
			productName = FirebaseAnalyticsSwift;
		};
		2CEF399A2A261E580088513D /* FirebaseStorage */ = {
			isa = XCSwiftPackageProductDependency;
			package = 2CE58F4C2A0A80E7008682B4 /* XCRemoteSwiftPackageReference "firebase-ios-sdk" */;
			productName = FirebaseStorage;
		};
/* End XCSwiftPackageProductDependency section */
	};
	rootObject = 2CE58F312A0A7ED1008682B4 /* Project object */;
}
